
Microsoft Visual Studio Solution File, Format Version 12.00
# Visual Studio Version 17
VisualStudioVersion = 17.6.33723.286
MinimumVisualStudioVersion = 10.0.40219.1
Project("{FAE04EC0-301F-11D3-BF4B-00C04F79EFBC}") = "WebApplication3CURDWithDapperCore6MVC_Demo", "WebApplication3CURDWithDapperCore6MVC_Demo.csproj", "{CFC15B94-F66C-4222-A250-691D4564B683}"
EndProject
Global
	GlobalSection(SolutionConfigurationPlatforms) = preSolution
		Debug|Any CPU = Debug|Any CPU
		Release|Any CPU = Release|Any CPU
	EndGlobalSection
	GlobalSection(ProjectConfigurationPlatforms) = postSolution
		{CFC15B94-F66C-4222-A250-691D4564B683}.Debug|Any CPU.ActiveCfg = Debug|Any CPU
		{CFC15B94-F66C-4222-A250-691D4564B683}.Debug|Any CPU.Build.0 = Debug|Any CPU
		{CFC15B94-F66C-4222-A250-691D4564B683}.Release|Any CPU.ActiveCfg = Release|Any CPU
		{CFC15B94-F66C-4222-A250-691D4564B683}.Release|Any CPU.Build.0 = Release|Any CPU
	EndGlobalSection
	GlobalSection(SolutionProperties) = preSolution
		HideSolutionNode = FALSE
	EndGlobalSection
	GlobalSection(ExtensibilityGlobals) = postSolution
		SolutionGuid = {EF08C249-5E51-49F4-A603-DDBC72951B6C}
	EndGlobalSection
EndGlobal
